
Microsoft Visual Studio Solution File, Format Version 12.00
# Visual Studio Version 16
VisualStudioVersion = 25.0.1704.0
MinimumVisualStudioVersion = 10.0.40219.1
Project("{FAE04EC0-301F-11D3-BF4B-00C04F79EFBC}") = "Cold-Warm-2.0", "Cold-Warm-2.0\Cold-Warm-2.0.csproj", "{215AE9B9-DE4D-4563-83CA-8728926EC77B}"
EndProject
Global
	GlobalSection(SolutionConfigurationPlatforms) = preSolution
		Debug|Any CPU = Debug|Any CPU
		Release|Any CPU = Release|Any CPU
	EndGlobalSection
	GlobalSection(ProjectConfigurationPlatforms) = postSolution
		{215AE9B9-DE4D-4563-83CA-8728926EC77B}.Debug|Any CPU.ActiveCfg = Debug|Any CPU
		{215AE9B9-DE4D-4563-83CA-8728926EC77B}.Debug|Any CPU.Build.0 = Debug|Any CPU
		{215AE9B9-DE4D-4563-83CA-8728926EC77B}.Release|Any CPU.ActiveCfg = Release|Any CPU
		{215AE9B9-DE4D-4563-83CA-8728926EC77B}.Release|Any CPU.Build.0 = Release|Any CPU
	EndGlobalSection
	GlobalSection(SolutionProperties) = preSolution
		HideSolutionNode = FALSE
	EndGlobalSection
	GlobalSection(ExtensibilityGlobals) = postSolution
		SolutionGuid = {47AC2D91-E503-4C03-8A17-4F1B8B343FA9}
	EndGlobalSection
EndGlobal
